{
  "originHash" : "2c5cd5f699fa926ec66d83f00f4114234b09d298327baa062509897090c89e01",
  "pins" : [
    {
      "identity" : "alamofire",
      "kind" : "remoteSourceControl",
      "location" : "https://github.com/Alamofire/Alamofire.git",
      "state" : {
        "revision" : "bda9ed57d72988a3a2ada33d824583541f86eac6",
        "version" : "5.12.2"
      }
    },
    {
      "identity" : "objectmapper",
      "kind" : "remoteSourceControl",
      "location" : "https://github.com/tristanhimmelman/ObjectMapper.git",
      "state" : {
        "revision" : "6021c6035e83a306047348666f6400dc61445d3b",
        "version" : "4.4.3"
      }
    },
    {
      "identity" : "sdwebimage",
      "kind" : "remoteSourceControl",
      "location" : "https://github.com/SDWebImage/SDWebImage.git",
      "state" : {
        "revision" : "36e79ba485e9bb4d3cd4e3318908866dac5e7b51",
        "version" : "5.21.5"
      }
    }
  ],
  "version" : 3
}
