// !$*UTF8*$!
{
	archiveVersion = 1;
	classes = {
	};
	objectVersion = 70;
	objects = {

/* Begin PBXBuildFile section */
		2823B1AD279E2755029A8C76 /* PayHereSDK in Frameworks */ = {isa = PBXBuildFile; productRef = 4FC96A3974C7EB114D4B7DF5 /* PayHereSDK */; };
		3B1E2C3EDAB0A361D38F70DB /* Alamofire in Frameworks */ = {isa = PBXBuildFile; productRef = CC82AAAB043326136DC29BE9 /* Alamofire */; };
		98AF276E74381C57CBE9B21D /* ObjectMapper in Frameworks */ = {isa = PBXBuildFile; productRef = 0C3464A194D8F02BA4FFB370 /* ObjectMapper */; };
		D75F6530B90189C1F6099185 /* PHPaymentLifecycleTests.swift in Sources */ = {isa = PBXBuildFile; fileRef = CB453E9E8B5462A447E5C7BF /* PHPaymentLifecycleTests.swift */; };
		FC71BE1C04A144047E2DE553 /* PayHereSDK in Frameworks */ = {isa = PBXBuildFile; productRef = 5BD3094A48B55D101986CD76 /* PayHereSDK */; };
/* End PBXBuildFile section */

/* Begin PBXContainerItemProxy section */
		4E44383C13F16A6919FBB96C /* PBXContainerItemProxy */ = {
			isa = PBXContainerItemProxy;
			containerPortal = 8A74D7D520528D9800CF10AB /* Project object */;
			proxyType = 1;
			remoteGlobalIDString = C793DE5C23C717C900666008;
			remoteInfo = demoapp;
		};
/* End PBXContainerItemProxy section */

/* Begin PBXFileReference section */
		7452CB4D965645955D6CB252 /* Package.swift */ = {isa = PBXFileReference; includeInIndex = 1; lastKnownFileType = sourcecode.swift; path = Package.swift; sourceTree = "<group>"; };
		8A1FF74A206254DF00924B21 /* README.md */ = {isa = PBXFileReference; fileEncoding = 4; lastKnownFileType = net.daringfireball.markdown; path = README.md; sourceTree = "<group>"; };
		8AD11E6120612739002E4F82 /* LICENSE */ = {isa = PBXFileReference; fileEncoding = 4; lastKnownFileType = text; path = LICENSE; sourceTree = "<group>"; };
		B8B1751E41E0E318FCE25EBF /* payHereSDKTests.xctest */ = {isa = PBXFileReference; explicitFileType = wrapper.cfbundle; includeInIndex = 0; path = payHereSDKTests.xctest; sourceTree = BUILT_PRODUCTS_DIR; };
		C793DE5D23C717C900666008 /* demoapp.app */ = {isa = PBXFileReference; explicitFileType = wrapper.application; includeInIndex = 0; path = demoapp.app; sourceTree = BUILT_PRODUCTS_DIR; };
		CB453E9E8B5462A447E5C7BF /* PHPaymentLifecycleTests.swift */ = {isa = PBXFileReference; lastKnownFileType = sourcecode.swift; path = PHPaymentLifecycleTests.swift; sourceTree = "<group>"; };
/* End PBXFileReference section */

/* Begin PBXFileSystemSynchronizedBuildFileExceptionSet section */
		14F2D6453057D1CF008A4FCD /* PBXFileSystemSynchronizedBuildFileExceptionSet */ = {
			isa = PBXFileSystemSynchronizedBuildFileExceptionSet;
			membershipExceptions = (
				Info.plist,
			);
			target = C793DE5C23C717C900666008 /* demoapp */;
		};
/* End PBXFileSystemSynchronizedBuildFileExceptionSet section */

/* Begin PBXFileSystemSynchronizedRootGroup section */
		14F2D63D3057D1CC008A4FCD /* demoapp */ = {isa = PBXFileSystemSynchronizedRootGroup; exceptions = (14F2D6453057D1CF008A4FCD /* PBXFileSystemSynchronizedBuildFileExceptionSet */, ); explicitFileTypes = {}; explicitFolders = (); path = demoapp; sourceTree = "<group>"; };
		C7F807F32281AA7D008FC750 /* Sources */ = {isa = PBXFileSystemSynchronizedRootGroup; explicitFileTypes = {}; explicitFolders = (); path = Sources; sourceTree = "<group>"; };
/* End PBXFileSystemSynchronizedRootGroup section */

/* Begin PBXFrameworksBuildPhase section */
		26BFDD525B3614418EC00D66 /* Frameworks */ = {
			isa = PBXFrameworksBuildPhase;
			buildActionMask = 2147483647;
			files = (
				2823B1AD279E2755029A8C76 /* PayHereSDK in Frameworks */,
				3B1E2C3EDAB0A361D38F70DB /* Alamofire in Frameworks */,
				98AF276E74381C57CBE9B21D /* ObjectMapper in Frameworks */,
			);
			runOnlyForDeploymentPostprocessing = 0;
		};
		C793DE5A23C717C900666008 /* Frameworks */ = {
			isa = PBXFrameworksBuildPhase;
			buildActionMask = 2147483647;
			files = (
				FC71BE1C04A144047E2DE553 /* PayHereSDK in Frameworks */,
			);
			runOnlyForDeploymentPostprocessing = 0;
		};
/* End PBXFrameworksBuildPhase section */

/* Begin PBXGroup section */
		3BCBDBF1A1E50E48C270D14D /* Tests/payHereSDKTests */ = {
			isa = PBXGroup;
			children = (
				CB453E9E8B5462A447E5C7BF /* PHPaymentLifecycleTests.swift */,
			);
			path = Tests/payHereSDKTests;
			sourceTree = "<group>";
		};
		8A74D7D420528D9800CF10AB = {
			isa = PBXGroup;
			children = (
				8A1FF74A206254DF00924B21 /* README.md */,
				8AD11E6120612739002E4F82 /* LICENSE */,
				8A74D7E020528D9800CF10AB /* payHereSDK */,
				14F2D63D3057D1CC008A4FCD /* demoapp */,
				3BCBDBF1A1E50E48C270D14D /* Tests/payHereSDKTests */,
				8A74D7DF20528D9800CF10AB /* Products */,
				7452CB4D965645955D6CB252 /* Package.swift */,
			);
			sourceTree = "<group>";
		};
		8A74D7DF20528D9800CF10AB /* Products */ = {
			isa = PBXGroup;
			children = (
				C793DE5D23C717C900666008 /* demoapp.app */,
				B8B1751E41E0E318FCE25EBF /* payHereSDKTests.xctest */,
			);
			name = Products;
			sourceTree = "<group>";
		};
		8A74D7E020528D9800CF10AB /* payHereSDK */ = {
			isa = PBXGroup;
			children = (
				C7F807F32281AA7D008FC750 /* Sources */,
			);
			path = payHereSDK;
			sourceTree = "<group>";
		};
/* End PBXGroup section */

/* Begin PBXNativeTarget section */
		96DEB7C71B3BC166FC39C93B /* payHereSDKTests */ = {
			isa = PBXNativeTarget;
			buildConfigurationList = A587C7BD566AAE7EA0F5794E /* Build configuration list for PBXNativeTarget "payHereSDKTests" */;
			buildPhases = (
				D24F7567F518E8836EA46045 /* Sources */,
				26BFDD525B3614418EC00D66 /* Frameworks */,
			);
			buildRules = (
			);
			dependencies = (
				0C8DD6141342F18816FB44F3 /* PBXTargetDependency */,
			);
			name = payHereSDKTests;
			packageProductDependencies = (
				4FC96A3974C7EB114D4B7DF5 /* PayHereSDK */,
				CC82AAAB043326136DC29BE9 /* Alamofire */,
				0C3464A194D8F02BA4FFB370 /* ObjectMapper */,
			);
			productName = payHereSDKTests;
			productReference = B8B1751E41E0E318FCE25EBF /* payHereSDKTests.xctest */;
			productType = "com.apple.product-type.bundle.unit-test";
		};
		C793DE5C23C717C900666008 /* demoapp */ = {
			isa = PBXNativeTarget;
			buildConfigurationList = C793DE6E23C717CA00666008 /* Build configuration list for PBXNativeTarget "demoapp" */;
			buildPhases = (
				C793DE5923C717C900666008 /* Sources */,
				C793DE5A23C717C900666008 /* Frameworks */,
				C793DE5B23C717C900666008 /* Resources */,
			);
			buildRules = (
			);
			dependencies = (
			);
			fileSystemSynchronizedGroups = (
				14F2D63D3057D1CC008A4FCD /* demoapp */,
			);
			name = demoapp;
			packageProductDependencies = (
				5BD3094A48B55D101986CD76 /* PayHereSDK */,
			);
			productName = demoapp;
			productReference = C793DE5D23C717C900666008 /* demoapp.app */;
			productType = "com.apple.product-type.application";
		};
/* End PBXNativeTarget section */

/* Begin PBXProject section */
		8A74D7D520528D9800CF10AB /* Project object */ = {
			isa = PBXProject;
			attributes = {
				BuildIndependentTargetsInParallel = YES;
				LastSwiftUpdateCheck = 1120;
				LastUpgradeCheck = 2660;
				ORGANIZATIONNAME = PayHere;
				TargetAttributes = {
					96DEB7C71B3BC166FC39C93B = {
						TestTargetID = C793DE5C23C717C900666008;
					};
					C793DE5C23C717C900666008 = {
						CreatedOnToolsVersion = 11.2.1;
						ProvisioningStyle = Automatic;
					};
				};
			};
			buildConfigurationList = 8A74D7D820528D9800CF10AB /* Build configuration list for PBXProject "PayhereSDK" */;
			compatibilityVersion = "Xcode 14.0";
			developmentRegion = en;
			hasScannedForEncodings = 0;
			knownRegions = (
				en,
				Base,
			);
			mainGroup = 8A74D7D420528D9800CF10AB;
			packageReferences = (
				4505D6275A541670076490ED /* XCLocalSwiftPackageReference "." */,
			);
			productRefGroup = 8A74D7DF20528D9800CF10AB /* Products */;
			projectDirPath = "";
			projectRoot = "";
			targets = (
				C793DE5C23C717C900666008 /* demoapp */,
				96DEB7C71B3BC166FC39C93B /* payHereSDKTests */,
			);
		};
/* End PBXProject section */

/* Begin PBXResourcesBuildPhase section */
		C793DE5B23C717C900666008 /* Resources */ = {
			isa = PBXResourcesBuildPhase;
			buildActionMask = 2147483647;
			files = (
			);
			runOnlyForDeploymentPostprocessing = 0;
		};
/* End PBXResourcesBuildPhase section */

/* Begin PBXSourcesBuildPhase section */
		C793DE5923C717C900666008 /* Sources */ = {
			isa = PBXSourcesBuildPhase;
			buildActionMask = 2147483647;
			files = (
			);
			runOnlyForDeploymentPostprocessing = 0;
		};
		D24F7567F518E8836EA46045 /* Sources */ = {
			isa = PBXSourcesBuildPhase;
			buildActionMask = 2147483647;
			files = (
				D75F6530B90189C1F6099185 /* PHPaymentLifecycleTests.swift in Sources */,
			);
			runOnlyForDeploymentPostprocessing = 0;
		};
/* End PBXSourcesBuildPhase section */

/* Begin PBXTargetDependency section */
		0C8DD6141342F18816FB44F3 /* PBXTargetDependency */ = {
			isa = PBXTargetDependency;
			target = C793DE5C23C717C900666008 /* demoapp */;
			targetProxy = 4E44383C13F16A6919FBB96C /* PBXContainerItemProxy */;
		};
/* End PBXTargetDependency section */

/* Begin XCBuildConfiguration section */
		3528551B61D1D44F023B0C11 /* Release */ = {
			isa = XCBuildConfiguration;
			buildSettings = {
				BUNDLE_LOADER = "$(TEST_HOST)";
				CODE_SIGN_STYLE = Automatic;
				DEVELOPMENT_TEAM = JANGPUDH4X;
				GENERATE_INFOPLIST_FILE = YES;
				IPHONEOS_DEPLOYMENT_TARGET = 13.0;
				PRODUCT_BUNDLE_IDENTIFIER = lk.payhere.payHereSDKTests;
				PRODUCT_NAME = "$(TARGET_NAME)";
				SWIFT_VERSION = 5.0;
				TARGETED_DEVICE_FAMILY = "1,2";
				TEST_HOST = "$(BUILT_PRODUCTS_DIR)/demoapp.app/demoapp";
				TEST_TARGET_NAME = demoapp;
			};
			name = Release;
		};
		8A74D7E420528D9800CF10AB /* Debug */ = {
			isa = XCBuildConfiguration;
			buildSettings = {
				ALWAYS_SEARCH_USER_PATHS = NO;
				CLANG_ANALYZER_NONNULL = YES;
				CLANG_ANALYZER_NUMBER_OBJECT_CONVERSION = YES_AGGRESSIVE;
				CLANG_CXX_LANGUAGE_STANDARD = "gnu++14";
				CLANG_ENABLE_MODULES = YES;
				CLANG_ENABLE_OBJC_ARC = YES;
				CLANG_WARN_BLOCK_CAPTURE_AUTORELEASING = YES;
				CLANG_WARN_BOOL_CONVERSION = YES;
				CLANG_WARN_COMMA = YES;
				CLANG_WARN_CONSTANT_CONVERSION = YES;
				CLANG_WARN_DEPRECATED_OBJC_IMPLEMENTATIONS = YES;
				CLANG_WARN_DIRECT_OBJC_ISA_USAGE = YES_ERROR;
				CLANG_WARN_DOCUMENTATION_COMMENTS = YES;
				CLANG_WARN_EMPTY_BODY = YES;
				CLANG_WARN_ENUM_CONVERSION = YES;
				CLANG_WARN_INFINITE_RECURSION = YES;
				CLANG_WARN_INT_CONVERSION = YES;
				CLANG_WARN_NON_LITERAL_NULL_CONVERSION = YES;
				CLANG_WARN_OBJC_IMPLICIT_RETAIN_SELF = YES;
				CLANG_WARN_OBJC_LITERAL_CONVERSION = YES;
				CLANG_WARN_OBJC_ROOT_CLASS = YES_ERROR;
				CLANG_WARN_QUOTED_INCLUDE_IN_FRAMEWORK_HEADER = YES;
				CLANG_WARN_RANGE_LOOP_ANALYSIS = YES;
				CLANG_WARN_STRICT_PROTOTYPES = YES;
				CLANG_WARN_SUSPICIOUS_MOVE = YES;
				CLANG_WARN_UNGUARDED_AVAILABILITY = YES_AGGRESSIVE;
				CLANG_WARN_UNREACHABLE_CODE = YES;
				CLANG_WARN__DUPLICATE_METHOD_MATCH = YES;
				CODE_SIGN_IDENTITY = "iPhone Developer";
				COPY_PHASE_STRIP = NO;
				CURRENT_PROJECT_VERSION = 1;
				DEBUG_INFORMATION_FORMAT = dwarf;
				ENABLE_STRICT_OBJC_MSGSEND = YES;
				ENABLE_TESTABILITY = YES;
				ENABLE_USER_SCRIPT_SANDBOXING = YES;
				GCC_C_LANGUAGE_STANDARD = gnu11;
				GCC_DYNAMIC_NO_PIC = NO;
				GCC_NO_COMMON_BLOCKS = YES;
				GCC_OPTIMIZATION_LEVEL = 0;
				GCC_PREPROCESSOR_DEFINITIONS = "$(inherited)";
				GCC_WARN_64_TO_32_BIT_CONVERSION = YES;
				GCC_WARN_ABOUT_RETURN_TYPE = YES_ERROR;
				GCC_WARN_UNDECLARED_SELECTOR = YES;
				GCC_WARN_UNINITIALIZED_AUTOS = YES_AGGRESSIVE;
				GCC_WARN_UNUSED_FUNCTION = YES;
				GCC_WARN_UNUSED_VARIABLE = YES;
				HEADER_SEARCH_PATHS = "$(inherited)";
				IPHONEOS_DEPLOYMENT_TARGET = 13.0;
				MTL_ENABLE_DEBUG_INFO = YES;
				ONLY_ACTIVE_ARCH = YES;
				OTHER_LDFLAGS = "";
				SDKROOT = iphoneos;
				STRING_CATALOG_GENERATE_SYMBOLS = YES;
				SWIFT_ACTIVE_COMPILATION_CONDITIONS = DEBUG;
				SWIFT_OPTIMIZATION_LEVEL = "-Onone";
				SWIFT_VERSION = 5.0;
				VERSIONING_SYSTEM = "apple-generic";
				VERSION_INFO_PREFIX = "";
			};
			name = Debug;
		};
		8A74D7E520528D9800CF10AB /* Release */ = {
			isa = XCBuildConfiguration;
			buildSettings = {
				ALWAYS_SEARCH_USER_PATHS = NO;
				CLANG_ANALYZER_NONNULL = YES;
				CLANG_ANALYZER_NUMBER_OBJECT_CONVERSION = YES_AGGRESSIVE;
				CLANG_CXX_LANGUAGE_STANDARD = "gnu++14";
				CLANG_ENABLE_MODULES = YES;
				CLANG_ENABLE_OBJC_ARC = YES;
				CLANG_WARN_BLOCK_CAPTURE_AUTORELEASING = YES;
				CLANG_WARN_BOOL_CONVERSION = YES;
				CLANG_WARN_COMMA = YES;
				CLANG_WARN_CONSTANT_CONVERSION = YES;
				CLANG_WARN_DEPRECATED_OBJC_IMPLEMENTATIONS = YES;
				CLANG_WARN_DIRECT_OBJC_ISA_USAGE = YES_ERROR;
				CLANG_WARN_DOCUMENTATION_COMMENTS = YES;
				CLANG_WARN_EMPTY_BODY = YES;
				CLANG_WARN_ENUM_CONVERSION = YES;
				CLANG_WARN_INFINITE_RECURSION = YES;
				CLANG_WARN_INT_CONVERSION = YES;
				CLANG_WARN_NON_LITERAL_NULL_CONVERSION = YES;
				CLANG_WARN_OBJC_IMPLICIT_RETAIN_SELF = YES;
				CLANG_WARN_OBJC_LITERAL_CONVERSION = YES;
				CLANG_WARN_OBJC_ROOT_CLASS = YES_ERROR;
				CLANG_WARN_QUOTED_INCLUDE_IN_FRAMEWORK_HEADER = YES;
				CLANG_WARN_RANGE_LOOP_ANALYSIS = YES;
				CLANG_WARN_STRICT_PROTOTYPES = YES;
				CLANG_WARN_SUSPICIOUS_MOVE = YES;
				CLANG_WARN_UNGUARDED_AVAILABILITY = YES_AGGRESSIVE;
				CLANG_WARN_UNREACHABLE_CODE = YES;
				CLANG_WARN__DUPLICATE_METHOD_MATCH = YES;
				CODE_SIGN_IDENTITY = "iPhone Developer";
				COPY_PHASE_STRIP = NO;
				CURRENT_PROJECT_VERSION = 1;
				DEBUG_INFORMATION_FORMAT = "dwarf-with-dsym";
				ENABLE_NS_ASSERTIONS = NO;
				ENABLE_STRICT_OBJC_MSGSEND = YES;
				ENABLE_USER_SCRIPT_SANDBOXING = YES;
				GCC_C_LANGUAGE_STANDARD = gnu11;
				GCC_NO_COMMON_BLOCKS = YES;
				GCC_PREPROCESSOR_DEFINITIONS = "$(inherited)";
				GCC_WARN_64_TO_32_BIT_CONVERSION = YES;
				GCC_WARN_ABOUT_RETURN_TYPE = YES_ERROR;
				GCC_WARN_UNDECLARED_SELECTOR = YES;
				GCC_WARN_UNINITIALIZED_AUTOS = YES_AGGRESSIVE;
				GCC_WARN_UNUSED_FUNCTION = YES;
				GCC_WARN_UNUSED_VARIABLE = YES;
				HEADER_SEARCH_PATHS = "$(inherited)";
				IPHONEOS_DEPLOYMENT_TARGET = 13.0;
				MTL_ENABLE_DEBUG_INFO = NO;
				OTHER_LDFLAGS = "";
				SDKROOT = iphoneos;
				STRING_CATALOG_GENERATE_SYMBOLS = YES;
				SWIFT_COMPILATION_MODE = wholemodule;
				SWIFT_OPTIMIZATION_LEVEL = "-Owholemodule";
				SWIFT_VERSION = 5.0;
				VALIDATE_PRODUCT = YES;
				VERSIONING_SYSTEM = "apple-generic";
				VERSION_INFO_PREFIX = "";
			};
			name = Release;
		};
		C793DE6F23C717CA00666008 /* Debug */ = {
			isa = XCBuildConfiguration;
			buildSettings = {
				ASSETCATALOG_COMPILER_APPICON_NAME = AppIcon;
				CLANG_ENABLE_OBJC_WEAK = YES;
				CLANG_WARN_DEPRECATED_OBJC_IMPLEMENTATIONS = YES;
				CLANG_WARN_OBJC_IMPLICIT_RETAIN_SELF = YES;
				CODE_SIGN_STYLE = Automatic;
				DEVELOPMENT_TEAM = JANGPUDH4X;
				INFOPLIST_FILE = demoapp/Info.plist;
				IPHONEOS_DEPLOYMENT_TARGET = 13.0;
				LD_RUNPATH_SEARCH_PATHS = (
					"$(inherited)",
					"@executable_path/Frameworks",
				);
				MTL_ENABLE_DEBUG_INFO = INCLUDE_SOURCE;
				MTL_FAST_MATH = YES;
				PRODUCT_BUNDLE_IDENTIFIER = lk.payhere.demo;
				PRODUCT_NAME = "$(TARGET_NAME)";
				SWIFT_VERSION = 5.0;
				TARGETED_DEVICE_FAMILY = "1,2";
			};
			name = Debug;
		};
		C793DE7023C717CA00666008 /* Release */ = {
			isa = XCBuildConfiguration;
			buildSettings = {
				ASSETCATALOG_COMPILER_APPICON_NAME = AppIcon;
				CLANG_ENABLE_OBJC_WEAK = YES;
				CLANG_WARN_DEPRECATED_OBJC_IMPLEMENTATIONS = YES;
				CLANG_WARN_OBJC_IMPLICIT_RETAIN_SELF = YES;
				CODE_SIGN_STYLE = Automatic;
				DEVELOPMENT_TEAM = JANGPUDH4X;
				INFOPLIST_FILE = demoapp/Info.plist;
				IPHONEOS_DEPLOYMENT_TARGET = 13.0;
				LD_RUNPATH_SEARCH_PATHS = (
					"$(inherited)",
					"@executable_path/Frameworks",
				);
				MTL_FAST_MATH = YES;
				PRODUCT_BUNDLE_IDENTIFIER = lk.payhere.demo;
				PRODUCT_NAME = "$(TARGET_NAME)";
				SWIFT_VERSION = 5.0;
				TARGETED_DEVICE_FAMILY = "1,2";
			};
			name = Release;
		};
		F02B654A0F1919F3418A6E59 /* Debug */ = {
			isa = XCBuildConfiguration;
			buildSettings = {
				BUNDLE_LOADER = "$(TEST_HOST)";
				CODE_SIGN_STYLE = Automatic;
				DEVELOPMENT_TEAM = JANGPUDH4X;
				GENERATE_INFOPLIST_FILE = YES;
				IPHONEOS_DEPLOYMENT_TARGET = 13.0;
				PRODUCT_BUNDLE_IDENTIFIER = lk.payhere.payHereSDKTests;
				PRODUCT_NAME = "$(TARGET_NAME)";
				SWIFT_VERSION = 5.0;
				TARGETED_DEVICE_FAMILY = "1,2";
				TEST_HOST = "$(BUILT_PRODUCTS_DIR)/demoapp.app/demoapp";
				TEST_TARGET_NAME = demoapp;
			};
			name = Debug;
		};
/* End XCBuildConfiguration section */

/* Begin XCConfigurationList section */
		8A74D7D820528D9800CF10AB /* Build configuration list for PBXProject "PayhereSDK" */ = {
			isa = XCConfigurationList;
			buildConfigurations = (
				8A74D7E420528D9800CF10AB /* Debug */,
				8A74D7E520528D9800CF10AB /* Release */,
			);
			defaultConfigurationIsVisible = 0;
			defaultConfigurationName = Release;
		};
		A587C7BD566AAE7EA0F5794E /* Build configuration list for PBXNativeTarget "payHereSDKTests" */ = {
			isa = XCConfigurationList;
			buildConfigurations = (
				F02B654A0F1919F3418A6E59 /* Debug */,
				3528551B61D1D44F023B0C11 /* Release */,
			);
			defaultConfigurationIsVisible = 0;
			defaultConfigurationName = Release;
		};
		C793DE6E23C717CA00666008 /* Build configuration list for PBXNativeTarget "demoapp" */ = {
			isa = XCConfigurationList;
			buildConfigurations = (
				C793DE6F23C717CA00666008 /* Debug */,
				C793DE7023C717CA00666008 /* Release */,
			);
			defaultConfigurationIsVisible = 0;
			defaultConfigurationName = Release;
		};
/* End XCConfigurationList section */

/* Begin XCLocalSwiftPackageReference section */
		4505D6275A541670076490ED /* XCLocalSwiftPackageReference "." */ = {
			isa = XCLocalSwiftPackageReference;
			relativePath = .;
		};
/* End XCLocalSwiftPackageReference section */

/* Begin XCSwiftPackageProductDependency section */
		0C3464A194D8F02BA4FFB370 /* ObjectMapper */ = {
			isa = XCSwiftPackageProductDependency;
			productName = ObjectMapper;
		};
		4FC96A3974C7EB114D4B7DF5 /* PayHereSDK */ = {
			isa = XCSwiftPackageProductDependency;
			package = 4505D6275A541670076490ED /* XCLocalSwiftPackageReference "." */;
			productName = PayHereSDK;
		};
		5BD3094A48B55D101986CD76 /* PayHereSDK */ = {
			isa = XCSwiftPackageProductDependency;
			package = 4505D6275A541670076490ED /* XCLocalSwiftPackageReference "." */;
			productName = PayHereSDK;
		};
		CC82AAAB043326136DC29BE9 /* Alamofire */ = {
			isa = XCSwiftPackageProductDependency;
			productName = Alamofire;
		};
/* End XCSwiftPackageProductDependency section */
	};
	rootObject = 8A74D7D520528D9800CF10AB /* Project object */;
}
